
Microsoft Visual Studio Solution File, Format Version 12.00
# Visual Studio Version 16
VisualStudioVersion = 16.0.30104.148
MinimumVisualStudioVersion = 10.0.40219.1
Project("{FAE04EC0-301F-11D3-BF4B-00C04F79EFBC}") = "OddLines", "OddLines\OddLines.csproj", "{456D6C98-ACD2-4C6D-814C-8A2228094386}"
EndProject
Project("{FAE04EC0-301F-11D3-BF4B-00C04F79EFBC}") = "LineNumbers", "LineNumbers\LineNumbers.csproj", "{64C13AE8-5296-4A14-AE73-07E8F60EA6AD}"
EndProject
Project("{FAE04EC0-301F-11D3-BF4B-00C04F79EFBC}") = "WordCount", "WordCount\WordCount.csproj", "{A280FD2C-BEEF-4ECB-8C25-1FCB4B0F540E}"
EndProject
Project("{FAE04EC0-301F-11D3-BF4B-00C04F79EFBC}") = "MergeFiles", "MergeFiles\MergeFiles.csproj", "{616DF080-731E-4BEF-ACBF-DE1F9E5DFACA}"
EndProject
Project("{FAE04EC0-301F-11D3-BF4B-00C04F79EFBC}") = "SliceAFile", "SliceAFile\SliceAFile.csproj", "{4B9BD1FE-6025-4E84-8BAE-B8EE4A2D7140}"
EndProject
Global
	GlobalSection(SolutionConfigurationPlatforms) = preSolution
		Debug|Any CPU = Debug|Any CPU
		Release|Any CPU = Release|Any CPU
	EndGlobalSection
	GlobalSection(ProjectConfigurationPlatforms) = postSolution
		{456D6C98-ACD2-4C6D-814C-8A2228094386}.Debug|Any CPU.ActiveCfg = Debug|Any CPU
		{456D6C98-ACD2-4C6D-814C-8A2228094386}.Debug|Any CPU.Build.0 = Debug|Any CPU
		{456D6C98-ACD2-4C6D-814C-8A2228094386}.Release|Any CPU.ActiveCfg = Release|Any CPU
		{456D6C98-ACD2-4C6D-814C-8A2228094386}.Release|Any CPU.Build.0 = Release|Any CPU
		{64C13AE8-5296-4A14-AE73-07E8F60EA6AD}.Debug|Any CPU.ActiveCfg = Debug|Any CPU
		{64C13AE8-5296-4A14-AE73-07E8F60EA6AD}.Debug|Any CPU.Build.0 = Debug|Any CPU
		{64C13AE8-5296-4A14-AE73-07E8F60EA6AD}.Release|Any CPU.ActiveCfg = Release|Any CPU
		{64C13AE8-5296-4A14-AE73-07E8F60EA6AD}.Release|Any CPU.Build.0 = Release|Any CPU
		{A280FD2C-BEEF-4ECB-8C25-1FCB4B0F540E}.Debug|Any CPU.ActiveCfg = Debug|Any CPU
		{A280FD2C-BEEF-4ECB-8C25-1FCB4B0F540E}.Debug|Any CPU.Build.0 = Debug|Any CPU
		{A280FD2C-BEEF-4ECB-8C25-1FCB4B0F540E}.Release|Any CPU.ActiveCfg = Release|Any CPU
		{A280FD2C-BEEF-4ECB-8C25-1FCB4B0F540E}.Release|Any CPU.Build.0 = Release|Any CPU
		{616DF080-731E-4BEF-ACBF-DE1F9E5DFACA}.Debug|Any CPU.ActiveCfg = Debug|Any CPU
		{616DF080-731E-4BEF-ACBF-DE1F9E5DFACA}.Debug|Any CPU.Build.0 = Debug|Any CPU
		{616DF080-731E-4BEF-ACBF-DE1F9E5DFACA}.Release|Any CPU.ActiveCfg = Release|Any CPU
		{616DF080-731E-4BEF-ACBF-DE1F9E5DFACA}.Release|Any CPU.Build.0 = Release|Any CPU
		{4B9BD1FE-6025-4E84-8BAE-B8EE4A2D7140}.Debug|Any CPU.ActiveCfg = Debug|Any CPU
		{4B9BD1FE-6025-4E84-8BAE-B8EE4A2D7140}.Debug|Any CPU.Build.0 = Debug|Any CPU
		{4B9BD1FE-6025-4E84-8BAE-B8EE4A2D7140}.Release|Any CPU.ActiveCfg = Release|Any CPU
		{4B9BD1FE-6025-4E84-8BAE-B8EE4A2D7140}.Release|Any CPU.Build.0 = Release|Any CPU
	EndGlobalSection
	GlobalSection(SolutionProperties) = preSolution
		HideSolutionNode = FALSE
	EndGlobalSection
	GlobalSection(ExtensibilityGlobals) = postSolution
		SolutionGuid = {356350CC-B396-4DD0-AEEE-A241ED98477E}
	EndGlobalSection
EndGlobal
