
Microsoft Visual Studio Solution File, Format Version 12.00
# Visual Studio Version 16
VisualStudioVersion = 16.0.30128.74
MinimumVisualStudioVersion = 10.0.40219.1
Project("{FAE04EC0-301F-11D3-BF4B-00C04F79EFBC}") = "ClubParty", "ClubParty\ClubParty.csproj", "{03A1008F-3A91-46A9-B841-961420D82237}"
EndProject
Project("{FAE04EC0-301F-11D3-BF4B-00C04F79EFBC}") = "TronRacers", "TronRacers\TronRacers.csproj", "{99A83DA3-8CCF-41D0-A3CB-6BB4A55FF570}"
EndProject
Project("{9A19103F-16F7-4668-BE54-9A1E7A4F7556}") = "Heroes", "Heroes\Heroes.csproj", "{A24B162E-D103-4459-ACED-427B63238824}"
EndProject
Global
	GlobalSection(SolutionConfigurationPlatforms) = preSolution
		Debug|Any CPU = Debug|Any CPU
		Release|Any CPU = Release|Any CPU
	EndGlobalSection
	GlobalSection(ProjectConfigurationPlatforms) = postSolution
		{03A1008F-3A91-46A9-B841-961420D82237}.Debug|Any CPU.ActiveCfg = Debug|Any CPU
		{03A1008F-3A91-46A9-B841-961420D82237}.Debug|Any CPU.Build.0 = Debug|Any CPU
		{03A1008F-3A91-46A9-B841-961420D82237}.Release|Any CPU.ActiveCfg = Release|Any CPU
		{03A1008F-3A91-46A9-B841-961420D82237}.Release|Any CPU.Build.0 = Release|Any CPU
		{99A83DA3-8CCF-41D0-A3CB-6BB4A55FF570}.Debug|Any CPU.ActiveCfg = Debug|Any CPU
		{99A83DA3-8CCF-41D0-A3CB-6BB4A55FF570}.Debug|Any CPU.Build.0 = Debug|Any CPU
		{99A83DA3-8CCF-41D0-A3CB-6BB4A55FF570}.Release|Any CPU.ActiveCfg = Release|Any CPU
		{99A83DA3-8CCF-41D0-A3CB-6BB4A55FF570}.Release|Any CPU.Build.0 = Release|Any CPU
		{A24B162E-D103-4459-ACED-427B63238824}.Debug|Any CPU.ActiveCfg = Debug|Any CPU
		{A24B162E-D103-4459-ACED-427B63238824}.Debug|Any CPU.Build.0 = Debug|Any CPU
		{A24B162E-D103-4459-ACED-427B63238824}.Release|Any CPU.ActiveCfg = Release|Any CPU
		{A24B162E-D103-4459-ACED-427B63238824}.Release|Any CPU.Build.0 = Release|Any CPU
	EndGlobalSection
	GlobalSection(SolutionProperties) = preSolution
		HideSolutionNode = FALSE
	EndGlobalSection
	GlobalSection(ExtensibilityGlobals) = postSolution
		SolutionGuid = {AB882510-34D0-424C-98A6-F75413EFE902}
	EndGlobalSection
EndGlobal
