
Microsoft Visual Studio Solution File, Format Version 12.00
# Visual Studio Version 16
VisualStudioVersion = 16.0.30128.74
MinimumVisualStudioVersion = 10.0.40219.1
Project("{FAE04EC0-301F-11D3-BF4B-00C04F79EFBC}") = "ListyIterator", "ListyIterator\ListyIterator.csproj", "{D1FFFEBC-7EED-449C-846D-474B2B253A18}"
EndProject
Project("{FAE04EC0-301F-11D3-BF4B-00C04F79EFBC}") = "Collection", "Collection\Collection.csproj", "{88AD472C-788A-43E2-917B-0CEBB5EB16E1}"
EndProject
Project("{FAE04EC0-301F-11D3-BF4B-00C04F79EFBC}") = "Stack", "Stack\Stack.csproj", "{0F61BDA8-E150-4C25-9365-439E634EE16F}"
EndProject
Project("{FAE04EC0-301F-11D3-BF4B-00C04F79EFBC}") = "Froggy", "Froggy\Froggy.csproj", "{98A52374-6E8C-4495-A23E-C2C00805C0D8}"
EndProject
Global
	GlobalSection(SolutionConfigurationPlatforms) = preSolution
		Debug|Any CPU = Debug|Any CPU
		Release|Any CPU = Release|Any CPU
	EndGlobalSection
	GlobalSection(ProjectConfigurationPlatforms) = postSolution
		{D1FFFEBC-7EED-449C-846D-474B2B253A18}.Debug|Any CPU.ActiveCfg = Debug|Any CPU
		{D1FFFEBC-7EED-449C-846D-474B2B253A18}.Debug|Any CPU.Build.0 = Debug|Any CPU
		{D1FFFEBC-7EED-449C-846D-474B2B253A18}.Release|Any CPU.ActiveCfg = Release|Any CPU
		{D1FFFEBC-7EED-449C-846D-474B2B253A18}.Release|Any CPU.Build.0 = Release|Any CPU
		{88AD472C-788A-43E2-917B-0CEBB5EB16E1}.Debug|Any CPU.ActiveCfg = Debug|Any CPU
		{88AD472C-788A-43E2-917B-0CEBB5EB16E1}.Debug|Any CPU.Build.0 = Debug|Any CPU
		{88AD472C-788A-43E2-917B-0CEBB5EB16E1}.Release|Any CPU.ActiveCfg = Release|Any CPU
		{88AD472C-788A-43E2-917B-0CEBB5EB16E1}.Release|Any CPU.Build.0 = Release|Any CPU
		{0F61BDA8-E150-4C25-9365-439E634EE16F}.Debug|Any CPU.ActiveCfg = Debug|Any CPU
		{0F61BDA8-E150-4C25-9365-439E634EE16F}.Debug|Any CPU.Build.0 = Debug|Any CPU
		{0F61BDA8-E150-4C25-9365-439E634EE16F}.Release|Any CPU.ActiveCfg = Release|Any CPU
		{0F61BDA8-E150-4C25-9365-439E634EE16F}.Release|Any CPU.Build.0 = Release|Any CPU
		{98A52374-6E8C-4495-A23E-C2C00805C0D8}.Debug|Any CPU.ActiveCfg = Debug|Any CPU
		{98A52374-6E8C-4495-A23E-C2C00805C0D8}.Debug|Any CPU.Build.0 = Debug|Any CPU
		{98A52374-6E8C-4495-A23E-C2C00805C0D8}.Release|Any CPU.ActiveCfg = Release|Any CPU
		{98A52374-6E8C-4495-A23E-C2C00805C0D8}.Release|Any CPU.Build.0 = Release|Any CPU
	EndGlobalSection
	GlobalSection(SolutionProperties) = preSolution
		HideSolutionNode = FALSE
	EndGlobalSection
	GlobalSection(ExtensibilityGlobals) = postSolution
		SolutionGuid = {4AE4B743-FE15-493B-9E8A-C75F3D661C4F}
	EndGlobalSection
EndGlobal
