
Microsoft Visual Studio Solution File, Format Version 12.00
# Visual Studio Version 16
VisualStudioVersion = 16.0.30104.148
MinimumVisualStudioVersion = 10.0.40219.1
Project("{FAE04EC0-301F-11D3-BF4B-00C04F79EFBC}") = "BasicStackOperations", "BasicStackOperations\BasicStackOperations.csproj", "{7D290EF7-0900-42A1-973C-D3ACCDD6CA5B}"
EndProject
Project("{FAE04EC0-301F-11D3-BF4B-00C04F79EFBC}") = "BasicQueueOperations", "BasicQueueOperations\BasicQueueOperations.csproj", "{B7FC237E-16EF-4943-8CB5-E0746CAEC8E3}"
EndProject
Project("{FAE04EC0-301F-11D3-BF4B-00C04F79EFBC}") = "MaximumAndMinimumElement", "MaximumAndMinimumElement\MaximumAndMinimumElement.csproj", "{67D39403-4F74-4AF9-9C4D-9158CC3BABF9}"
EndProject
Project("{FAE04EC0-301F-11D3-BF4B-00C04F79EFBC}") = "FastFood", "FastFood\FastFood.csproj", "{B45DA0C7-CB4B-4FE2-A950-44B3F0155828}"
EndProject
Global
	GlobalSection(SolutionConfigurationPlatforms) = preSolution
		Debug|Any CPU = Debug|Any CPU
		Release|Any CPU = Release|Any CPU
	EndGlobalSection
	GlobalSection(ProjectConfigurationPlatforms) = postSolution
		{7D290EF7-0900-42A1-973C-D3ACCDD6CA5B}.Debug|Any CPU.ActiveCfg = Debug|Any CPU
		{7D290EF7-0900-42A1-973C-D3ACCDD6CA5B}.Debug|Any CPU.Build.0 = Debug|Any CPU
		{7D290EF7-0900-42A1-973C-D3ACCDD6CA5B}.Release|Any CPU.ActiveCfg = Release|Any CPU
		{7D290EF7-0900-42A1-973C-D3ACCDD6CA5B}.Release|Any CPU.Build.0 = Release|Any CPU
		{B7FC237E-16EF-4943-8CB5-E0746CAEC8E3}.Debug|Any CPU.ActiveCfg = Debug|Any CPU
		{B7FC237E-16EF-4943-8CB5-E0746CAEC8E3}.Debug|Any CPU.Build.0 = Debug|Any CPU
		{B7FC237E-16EF-4943-8CB5-E0746CAEC8E3}.Release|Any CPU.ActiveCfg = Release|Any CPU
		{B7FC237E-16EF-4943-8CB5-E0746CAEC8E3}.Release|Any CPU.Build.0 = Release|Any CPU
		{67D39403-4F74-4AF9-9C4D-9158CC3BABF9}.Debug|Any CPU.ActiveCfg = Debug|Any CPU
		{67D39403-4F74-4AF9-9C4D-9158CC3BABF9}.Debug|Any CPU.Build.0 = Debug|Any CPU
		{67D39403-4F74-4AF9-9C4D-9158CC3BABF9}.Release|Any CPU.ActiveCfg = Release|Any CPU
		{67D39403-4F74-4AF9-9C4D-9158CC3BABF9}.Release|Any CPU.Build.0 = Release|Any CPU
		{B45DA0C7-CB4B-4FE2-A950-44B3F0155828}.Debug|Any CPU.ActiveCfg = Debug|Any CPU
		{B45DA0C7-CB4B-4FE2-A950-44B3F0155828}.Debug|Any CPU.Build.0 = Debug|Any CPU
		{B45DA0C7-CB4B-4FE2-A950-44B3F0155828}.Release|Any CPU.ActiveCfg = Release|Any CPU
		{B45DA0C7-CB4B-4FE2-A950-44B3F0155828}.Release|Any CPU.Build.0 = Release|Any CPU
	EndGlobalSection
	GlobalSection(SolutionProperties) = preSolution
		HideSolutionNode = FALSE
	EndGlobalSection
	GlobalSection(ExtensibilityGlobals) = postSolution
		SolutionGuid = {5F640CB5-F3EC-4640-87D1-A36BDE9168F3}
	EndGlobalSection
EndGlobal
