
Microsoft Visual Studio Solution File, Format Version 12.00
# Visual Studio Version 16
VisualStudioVersion = 16.0.30104.148
MinimumVisualStudioVersion = 10.0.40219.1
Project("{FAE04EC0-301F-11D3-BF4B-00C04F79EFBC}") = "BasicStackOperations", "BasicStackOperations\BasicStackOperations.csproj", "{7D290EF7-0900-42A1-973C-D3ACCDD6CA5B}"
EndProject
Project("{FAE04EC0-301F-11D3-BF4B-00C04F79EFBC}") = "BasicQueueOperations", "BasicQueueOperations\BasicQueueOperations.csproj", "{B7FC237E-16EF-4943-8CB5-E0746CAEC8E3}"
EndProject
Project("{FAE04EC0-301F-11D3-BF4B-00C04F79EFBC}") = "MaximumAndMinimumElement", "MaximumAndMinimumElement\MaximumAndMinimumElement.csproj", "{67D39403-4F74-4AF9-9C4D-9158CC3BABF9}"
EndProject
Project("{FAE04EC0-301F-11D3-BF4B-00C04F79EFBC}") = "FastFood", "FastFood\FastFood.csproj", "{B45DA0C7-CB4B-4FE2-A950-44B3F0155828}"
EndProject
Project("{FAE04EC0-301F-11D3-BF4B-00C04F79EFBC}") = "FasionBoutique", "FasionBoutique\FasionBoutique.csproj", "{75451C1B-BA72-48EB-B945-DBDF204FE215}"
EndProject
Project("{FAE04EC0-301F-11D3-BF4B-00C04F79EFBC}") = "SongsQueue", "SongsQueue\SongsQueue.csproj", "{D6827C05-D988-4D5C-AD38-B09CF02644E7}"
EndProject
Project("{FAE04EC0-301F-11D3-BF4B-00C04F79EFBC}") = "TruckTour", "TruckTour\TruckTour.csproj", "{615A9437-D198-4D43-BB33-3F3D6A71B9BC}"
EndProject
Project("{FAE04EC0-301F-11D3-BF4B-00C04F79EFBC}") = "BalancedParenthesis", "BalancedParenthesis\BalancedParenthesis.csproj", "{866BC731-3449-4837-92A2-F23B3DCA53AF}"
EndProject
Project("{FAE04EC0-301F-11D3-BF4B-00C04F79EFBC}") = "SimpleTextEditor", "SimpleTextEditor\SimpleTextEditor.csproj", "{8951F752-690B-462A-87E9-CAD727130AEA}"
EndProject
Project("{FAE04EC0-301F-11D3-BF4B-00C04F79EFBC}") = "Crossroads", "Crossroads\Crossroads.csproj", "{005284A9-995C-490E-BEA6-EC9C6B95F658}"
EndProject
Project("{FAE04EC0-301F-11D3-BF4B-00C04F79EFBC}") = "KeyRevolver", "KeyRevolver\KeyRevolver.csproj", "{F9640700-B87E-4702-AFF6-E0E5B409ABEB}"
EndProject
Project("{FAE04EC0-301F-11D3-BF4B-00C04F79EFBC}") = "CupsAndBottles", "CupsAndBottles\CupsAndBottles.csproj", "{02357B68-5650-4C3D-8D4A-30E94E1FE7FA}"
EndProject
Global
	GlobalSection(SolutionConfigurationPlatforms) = preSolution
		Debug|Any CPU = Debug|Any CPU
		Release|Any CPU = Release|Any CPU
	EndGlobalSection
	GlobalSection(ProjectConfigurationPlatforms) = postSolution
		{7D290EF7-0900-42A1-973C-D3ACCDD6CA5B}.Debug|Any CPU.ActiveCfg = Debug|Any CPU
		{7D290EF7-0900-42A1-973C-D3ACCDD6CA5B}.Debug|Any CPU.Build.0 = Debug|Any CPU
		{7D290EF7-0900-42A1-973C-D3ACCDD6CA5B}.Release|Any CPU.ActiveCfg = Release|Any CPU
		{7D290EF7-0900-42A1-973C-D3ACCDD6CA5B}.Release|Any CPU.Build.0 = Release|Any CPU
		{B7FC237E-16EF-4943-8CB5-E0746CAEC8E3}.Debug|Any CPU.ActiveCfg = Debug|Any CPU
		{B7FC237E-16EF-4943-8CB5-E0746CAEC8E3}.Debug|Any CPU.Build.0 = Debug|Any CPU
		{B7FC237E-16EF-4943-8CB5-E0746CAEC8E3}.Release|Any CPU.ActiveCfg = Release|Any CPU
		{B7FC237E-16EF-4943-8CB5-E0746CAEC8E3}.Release|Any CPU.Build.0 = Release|Any CPU
		{67D39403-4F74-4AF9-9C4D-9158CC3BABF9}.Debug|Any CPU.ActiveCfg = Debug|Any CPU
		{67D39403-4F74-4AF9-9C4D-9158CC3BABF9}.Debug|Any CPU.Build.0 = Debug|Any CPU
		{67D39403-4F74-4AF9-9C4D-9158CC3BABF9}.Release|Any CPU.ActiveCfg = Release|Any CPU
		{67D39403-4F74-4AF9-9C4D-9158CC3BABF9}.Release|Any CPU.Build.0 = Release|Any CPU
		{B45DA0C7-CB4B-4FE2-A950-44B3F0155828}.Debug|Any CPU.ActiveCfg = Debug|Any CPU
		{B45DA0C7-CB4B-4FE2-A950-44B3F0155828}.Debug|Any CPU.Build.0 = Debug|Any CPU
		{B45DA0C7-CB4B-4FE2-A950-44B3F0155828}.Release|Any CPU.ActiveCfg = Release|Any CPU
		{B45DA0C7-CB4B-4FE2-A950-44B3F0155828}.Release|Any CPU.Build.0 = Release|Any CPU
		{75451C1B-BA72-48EB-B945-DBDF204FE215}.Debug|Any CPU.ActiveCfg = Debug|Any CPU
		{75451C1B-BA72-48EB-B945-DBDF204FE215}.Debug|Any CPU.Build.0 = Debug|Any CPU
		{75451C1B-BA72-48EB-B945-DBDF204FE215}.Release|Any CPU.ActiveCfg = Release|Any CPU
		{75451C1B-BA72-48EB-B945-DBDF204FE215}.Release|Any CPU.Build.0 = Release|Any CPU
		{D6827C05-D988-4D5C-AD38-B09CF02644E7}.Debug|Any CPU.ActiveCfg = Debug|Any CPU
		{D6827C05-D988-4D5C-AD38-B09CF02644E7}.Debug|Any CPU.Build.0 = Debug|Any CPU
		{D6827C05-D988-4D5C-AD38-B09CF02644E7}.Release|Any CPU.ActiveCfg = Release|Any CPU
		{D6827C05-D988-4D5C-AD38-B09CF02644E7}.Release|Any CPU.Build.0 = Release|Any CPU
		{615A9437-D198-4D43-BB33-3F3D6A71B9BC}.Debug|Any CPU.ActiveCfg = Debug|Any CPU
		{615A9437-D198-4D43-BB33-3F3D6A71B9BC}.Debug|Any CPU.Build.0 = Debug|Any CPU
		{615A9437-D198-4D43-BB33-3F3D6A71B9BC}.Release|Any CPU.ActiveCfg = Release|Any CPU
		{615A9437-D198-4D43-BB33-3F3D6A71B9BC}.Release|Any CPU.Build.0 = Release|Any CPU
		{866BC731-3449-4837-92A2-F23B3DCA53AF}.Debug|Any CPU.ActiveCfg = Debug|Any CPU
		{866BC731-3449-4837-92A2-F23B3DCA53AF}.Debug|Any CPU.Build.0 = Debug|Any CPU
		{866BC731-3449-4837-92A2-F23B3DCA53AF}.Release|Any CPU.ActiveCfg = Release|Any CPU
		{866BC731-3449-4837-92A2-F23B3DCA53AF}.Release|Any CPU.Build.0 = Release|Any CPU
		{8951F752-690B-462A-87E9-CAD727130AEA}.Debug|Any CPU.ActiveCfg = Debug|Any CPU
		{8951F752-690B-462A-87E9-CAD727130AEA}.Debug|Any CPU.Build.0 = Debug|Any CPU
		{8951F752-690B-462A-87E9-CAD727130AEA}.Release|Any CPU.ActiveCfg = Release|Any CPU
		{8951F752-690B-462A-87E9-CAD727130AEA}.Release|Any CPU.Build.0 = Release|Any CPU
		{005284A9-995C-490E-BEA6-EC9C6B95F658}.Debug|Any CPU.ActiveCfg = Debug|Any CPU
		{005284A9-995C-490E-BEA6-EC9C6B95F658}.Debug|Any CPU.Build.0 = Debug|Any CPU
		{005284A9-995C-490E-BEA6-EC9C6B95F658}.Release|Any CPU.ActiveCfg = Release|Any CPU
		{005284A9-995C-490E-BEA6-EC9C6B95F658}.Release|Any CPU.Build.0 = Release|Any CPU
		{F9640700-B87E-4702-AFF6-E0E5B409ABEB}.Debug|Any CPU.ActiveCfg = Debug|Any CPU
		{F9640700-B87E-4702-AFF6-E0E5B409ABEB}.Debug|Any CPU.Build.0 = Debug|Any CPU
		{F9640700-B87E-4702-AFF6-E0E5B409ABEB}.Release|Any CPU.ActiveCfg = Release|Any CPU
		{F9640700-B87E-4702-AFF6-E0E5B409ABEB}.Release|Any CPU.Build.0 = Release|Any CPU
		{02357B68-5650-4C3D-8D4A-30E94E1FE7FA}.Debug|Any CPU.ActiveCfg = Debug|Any CPU
		{02357B68-5650-4C3D-8D4A-30E94E1FE7FA}.Debug|Any CPU.Build.0 = Debug|Any CPU
		{02357B68-5650-4C3D-8D4A-30E94E1FE7FA}.Release|Any CPU.ActiveCfg = Release|Any CPU
		{02357B68-5650-4C3D-8D4A-30E94E1FE7FA}.Release|Any CPU.Build.0 = Release|Any CPU
	EndGlobalSection
	GlobalSection(SolutionProperties) = preSolution
		HideSolutionNode = FALSE
	EndGlobalSection
	GlobalSection(ExtensibilityGlobals) = postSolution
		SolutionGuid = {5F640CB5-F3EC-4640-87D1-A36BDE9168F3}
	EndGlobalSection
EndGlobal
