
Microsoft Visual Studio Solution File, Format Version 12.00
# Visual Studio Version 16
VisualStudioVersion = 16.0.30104.148
MinimumVisualStudioVersion = 10.0.40219.1
Project("{FAE04EC0-301F-11D3-BF4B-00C04F79EFBC}") = "ActionPrint", "ActionPrint\ActionPrint.csproj", "{2C4A3B35-96E7-4475-ACDC-BF2900EA73C3}"
EndProject
Project("{FAE04EC0-301F-11D3-BF4B-00C04F79EFBC}") = "KnightsOfHonor", "KnightsOfHonor\KnightsOfHonor.csproj", "{3DDFACDE-FF01-41CA-998F-C1D320902D74}"
EndProject
Project("{FAE04EC0-301F-11D3-BF4B-00C04F79EFBC}") = "CustomMinFunction", "CustomMinFunction\CustomMinFunction.csproj", "{9F350CDF-864F-4248-914A-D0DB934CE410}"
EndProject
Project("{FAE04EC0-301F-11D3-BF4B-00C04F79EFBC}") = "FindEvensOrOdds", "FindEvensOrOdds\FindEvensOrOdds.csproj", "{4CC2DF30-FA9F-481D-971C-20EEE0BF8F8B}"
EndProject
Project("{FAE04EC0-301F-11D3-BF4B-00C04F79EFBC}") = "AppliedArithmetics", "AppliedArithmetics\AppliedArithmetics.csproj", "{694EC567-D230-4F59-9C56-8A2271305A98}"
EndProject
Project("{FAE04EC0-301F-11D3-BF4B-00C04F79EFBC}") = "ReverseAndExclude", "ReverseAndExclude\ReverseAndExclude.csproj", "{F11E19F3-AC3A-4B34-8702-B3E56F8EBC86}"
EndProject
Project("{FAE04EC0-301F-11D3-BF4B-00C04F79EFBC}") = "PredicateForNames", "PredicateForNames\PredicateForNames.csproj", "{D21F13EA-D8BB-4A76-8A98-AC9D7D9B7151}"
EndProject
Global
	GlobalSection(SolutionConfigurationPlatforms) = preSolution
		Debug|Any CPU = Debug|Any CPU
		Release|Any CPU = Release|Any CPU
	EndGlobalSection
	GlobalSection(ProjectConfigurationPlatforms) = postSolution
		{2C4A3B35-96E7-4475-ACDC-BF2900EA73C3}.Debug|Any CPU.ActiveCfg = Debug|Any CPU
		{2C4A3B35-96E7-4475-ACDC-BF2900EA73C3}.Debug|Any CPU.Build.0 = Debug|Any CPU
		{2C4A3B35-96E7-4475-ACDC-BF2900EA73C3}.Release|Any CPU.ActiveCfg = Release|Any CPU
		{2C4A3B35-96E7-4475-ACDC-BF2900EA73C3}.Release|Any CPU.Build.0 = Release|Any CPU
		{3DDFACDE-FF01-41CA-998F-C1D320902D74}.Debug|Any CPU.ActiveCfg = Debug|Any CPU
		{3DDFACDE-FF01-41CA-998F-C1D320902D74}.Debug|Any CPU.Build.0 = Debug|Any CPU
		{3DDFACDE-FF01-41CA-998F-C1D320902D74}.Release|Any CPU.ActiveCfg = Release|Any CPU
		{3DDFACDE-FF01-41CA-998F-C1D320902D74}.Release|Any CPU.Build.0 = Release|Any CPU
		{9F350CDF-864F-4248-914A-D0DB934CE410}.Debug|Any CPU.ActiveCfg = Debug|Any CPU
		{9F350CDF-864F-4248-914A-D0DB934CE410}.Debug|Any CPU.Build.0 = Debug|Any CPU
		{9F350CDF-864F-4248-914A-D0DB934CE410}.Release|Any CPU.ActiveCfg = Release|Any CPU
		{9F350CDF-864F-4248-914A-D0DB934CE410}.Release|Any CPU.Build.0 = Release|Any CPU
		{4CC2DF30-FA9F-481D-971C-20EEE0BF8F8B}.Debug|Any CPU.ActiveCfg = Debug|Any CPU
		{4CC2DF30-FA9F-481D-971C-20EEE0BF8F8B}.Debug|Any CPU.Build.0 = Debug|Any CPU
		{4CC2DF30-FA9F-481D-971C-20EEE0BF8F8B}.Release|Any CPU.ActiveCfg = Release|Any CPU
		{4CC2DF30-FA9F-481D-971C-20EEE0BF8F8B}.Release|Any CPU.Build.0 = Release|Any CPU
		{694EC567-D230-4F59-9C56-8A2271305A98}.Debug|Any CPU.ActiveCfg = Debug|Any CPU
		{694EC567-D230-4F59-9C56-8A2271305A98}.Debug|Any CPU.Build.0 = Debug|Any CPU
		{694EC567-D230-4F59-9C56-8A2271305A98}.Release|Any CPU.ActiveCfg = Release|Any CPU
		{694EC567-D230-4F59-9C56-8A2271305A98}.Release|Any CPU.Build.0 = Release|Any CPU
		{F11E19F3-AC3A-4B34-8702-B3E56F8EBC86}.Debug|Any CPU.ActiveCfg = Debug|Any CPU
		{F11E19F3-AC3A-4B34-8702-B3E56F8EBC86}.Debug|Any CPU.Build.0 = Debug|Any CPU
		{F11E19F3-AC3A-4B34-8702-B3E56F8EBC86}.Release|Any CPU.ActiveCfg = Release|Any CPU
		{F11E19F3-AC3A-4B34-8702-B3E56F8EBC86}.Release|Any CPU.Build.0 = Release|Any CPU
		{D21F13EA-D8BB-4A76-8A98-AC9D7D9B7151}.Debug|Any CPU.ActiveCfg = Debug|Any CPU
		{D21F13EA-D8BB-4A76-8A98-AC9D7D9B7151}.Debug|Any CPU.Build.0 = Debug|Any CPU
		{D21F13EA-D8BB-4A76-8A98-AC9D7D9B7151}.Release|Any CPU.ActiveCfg = Release|Any CPU
		{D21F13EA-D8BB-4A76-8A98-AC9D7D9B7151}.Release|Any CPU.Build.0 = Release|Any CPU
	EndGlobalSection
	GlobalSection(SolutionProperties) = preSolution
		HideSolutionNode = FALSE
	EndGlobalSection
	GlobalSection(ExtensibilityGlobals) = postSolution
		SolutionGuid = {584B85CB-8E5F-4557-B405-C509E49B44DA}
	EndGlobalSection
EndGlobal
