
Microsoft Visual Studio Solution File, Format Version 12.00
# Visual Studio Version 16
VisualStudioVersion = 16.0.30128.74
MinimumVisualStudioVersion = 10.0.40219.1
Project("{FAE04EC0-301F-11D3-BF4B-00C04F79EFBC}") = "Problem1", "Problem1\Problem1.csproj", "{5F8BEDFB-936A-4272-970E-FCCE9ABA3653}"
EndProject
Project("{FAE04EC0-301F-11D3-BF4B-00C04F79EFBC}") = "Problem2", "Problem2\Problem2.csproj", "{B13DB1AE-477F-4C0F-A37E-7A8864EE52B1}"
EndProject
Project("{FAE04EC0-301F-11D3-BF4B-00C04F79EFBC}") = "Problem3", "Problem3\Problem3.csproj", "{8121C4AF-F52A-4DFB-A125-262B76A9217C}"
EndProject
Global
	GlobalSection(SolutionConfigurationPlatforms) = preSolution
		Debug|Any CPU = Debug|Any CPU
		Release|Any CPU = Release|Any CPU
	EndGlobalSection
	GlobalSection(ProjectConfigurationPlatforms) = postSolution
		{5F8BEDFB-936A-4272-970E-FCCE9ABA3653}.Debug|Any CPU.ActiveCfg = Debug|Any CPU
		{5F8BEDFB-936A-4272-970E-FCCE9ABA3653}.Debug|Any CPU.Build.0 = Debug|Any CPU
		{5F8BEDFB-936A-4272-970E-FCCE9ABA3653}.Release|Any CPU.ActiveCfg = Release|Any CPU
		{5F8BEDFB-936A-4272-970E-FCCE9ABA3653}.Release|Any CPU.Build.0 = Release|Any CPU
		{B13DB1AE-477F-4C0F-A37E-7A8864EE52B1}.Debug|Any CPU.ActiveCfg = Debug|Any CPU
		{B13DB1AE-477F-4C0F-A37E-7A8864EE52B1}.Debug|Any CPU.Build.0 = Debug|Any CPU
		{B13DB1AE-477F-4C0F-A37E-7A8864EE52B1}.Release|Any CPU.ActiveCfg = Release|Any CPU
		{B13DB1AE-477F-4C0F-A37E-7A8864EE52B1}.Release|Any CPU.Build.0 = Release|Any CPU
		{8121C4AF-F52A-4DFB-A125-262B76A9217C}.Debug|Any CPU.ActiveCfg = Debug|Any CPU
		{8121C4AF-F52A-4DFB-A125-262B76A9217C}.Debug|Any CPU.Build.0 = Debug|Any CPU
		{8121C4AF-F52A-4DFB-A125-262B76A9217C}.Release|Any CPU.ActiveCfg = Release|Any CPU
		{8121C4AF-F52A-4DFB-A125-262B76A9217C}.Release|Any CPU.Build.0 = Release|Any CPU
	EndGlobalSection
	GlobalSection(SolutionProperties) = preSolution
		HideSolutionNode = FALSE
	EndGlobalSection
	GlobalSection(ExtensibilityGlobals) = postSolution
		SolutionGuid = {640BC456-98F1-4FAF-8BD3-8459A8E49126}
	EndGlobalSection
EndGlobal
