
Microsoft Visual Studio Solution File, Format Version 12.00
# Visual Studio Version 16
VisualStudioVersion = 16.0.30128.74
MinimumVisualStudioVersion = 10.0.40219.1
Project("{9A19103F-16F7-4668-BE54-9A1E7A4F7556}") = "Parking", "Parking\Parking.csproj", "{B3F9C55A-2A3A-4A82-93B1-478B83262ADC}"
EndProject
Project("{9A19103F-16F7-4668-BE54-9A1E7A4F7556}") = "Bombs", "Bombs\Bombs.csproj", "{3BFEB5E4-2CFB-402B-88B0-39E7F9F61FD6}"
EndProject
Project("{9A19103F-16F7-4668-BE54-9A1E7A4F7556}") = "Snake", "Snake\Snake.csproj", "{597F579B-B13F-4F88-9030-F77DA8511A95}"
EndProject
Global
	GlobalSection(SolutionConfigurationPlatforms) = preSolution
		Debug|Any CPU = Debug|Any CPU
		Release|Any CPU = Release|Any CPU
	EndGlobalSection
	GlobalSection(ProjectConfigurationPlatforms) = postSolution
		{B3F9C55A-2A3A-4A82-93B1-478B83262ADC}.Debug|Any CPU.ActiveCfg = Debug|Any CPU
		{B3F9C55A-2A3A-4A82-93B1-478B83262ADC}.Debug|Any CPU.Build.0 = Debug|Any CPU
		{B3F9C55A-2A3A-4A82-93B1-478B83262ADC}.Release|Any CPU.ActiveCfg = Release|Any CPU
		{B3F9C55A-2A3A-4A82-93B1-478B83262ADC}.Release|Any CPU.Build.0 = Release|Any CPU
		{3BFEB5E4-2CFB-402B-88B0-39E7F9F61FD6}.Debug|Any CPU.ActiveCfg = Debug|Any CPU
		{3BFEB5E4-2CFB-402B-88B0-39E7F9F61FD6}.Debug|Any CPU.Build.0 = Debug|Any CPU
		{3BFEB5E4-2CFB-402B-88B0-39E7F9F61FD6}.Release|Any CPU.ActiveCfg = Release|Any CPU
		{3BFEB5E4-2CFB-402B-88B0-39E7F9F61FD6}.Release|Any CPU.Build.0 = Release|Any CPU
		{597F579B-B13F-4F88-9030-F77DA8511A95}.Debug|Any CPU.ActiveCfg = Debug|Any CPU
		{597F579B-B13F-4F88-9030-F77DA8511A95}.Debug|Any CPU.Build.0 = Debug|Any CPU
		{597F579B-B13F-4F88-9030-F77DA8511A95}.Release|Any CPU.ActiveCfg = Release|Any CPU
		{597F579B-B13F-4F88-9030-F77DA8511A95}.Release|Any CPU.Build.0 = Release|Any CPU
	EndGlobalSection
	GlobalSection(SolutionProperties) = preSolution
		HideSolutionNode = FALSE
	EndGlobalSection
	GlobalSection(ExtensibilityGlobals) = postSolution
		SolutionGuid = {640BC456-98F1-4FAF-8BD3-8459A8E49126}
	EndGlobalSection
EndGlobal
