
Microsoft Visual Studio Solution File, Format Version 12.00
# Visual Studio Version 16
VisualStudioVersion = 16.0.30104.148
MinimumVisualStudioVersion = 10.0.40219.1
Project("{FAE04EC0-301F-11D3-BF4B-00C04F79EFBC}") = "CountSameValuesInArray", "CountSameValuesInArray\CountSameValuesInArray.csproj", "{5C6B7012-175C-4066-80C6-2BAF2A828B2B}"
EndProject
Project("{FAE04EC0-301F-11D3-BF4B-00C04F79EFBC}") = "AverageStudentGrades", "AverageStudentGrades\AverageStudentGrades.csproj", "{38447461-78A1-4A1D-A19D-3AAB860E9F8E}"
EndProject
Project("{FAE04EC0-301F-11D3-BF4B-00C04F79EFBC}") = "ProductShop", "ProductShop\ProductShop.csproj", "{1BC0DA2D-CBFD-482D-B677-D201862FC571}"
EndProject
Project("{FAE04EC0-301F-11D3-BF4B-00C04F79EFBC}") = "CitiesByContinentAandCountry", "CitiesByContinentAandCountry\CitiesByContinentAandCountry.csproj", "{B454F030-0A62-4018-942E-BBDDAFFD1B40}"
EndProject
Project("{FAE04EC0-301F-11D3-BF4B-00C04F79EFBC}") = "RecordUniqueNames", "RecordUniqueNames\RecordUniqueNames.csproj", "{726CEAF0-C646-46E6-8150-AED3D64B66FE}"
EndProject
Project("{FAE04EC0-301F-11D3-BF4B-00C04F79EFBC}") = "ParkingLot", "ParkingLot\ParkingLot.csproj", "{1E9E102C-4687-4CB6-9633-19DD25AA3585}"
EndProject
Project("{FAE04EC0-301F-11D3-BF4B-00C04F79EFBC}") = "SoftUniParty", "SoftUniParty\SoftUniParty.csproj", "{8856C4B9-3A22-40D5-B0D9-ED0102AED181}"
EndProject
Global
	GlobalSection(SolutionConfigurationPlatforms) = preSolution
		Debug|Any CPU = Debug|Any CPU
		Release|Any CPU = Release|Any CPU
	EndGlobalSection
	GlobalSection(ProjectConfigurationPlatforms) = postSolution
		{5C6B7012-175C-4066-80C6-2BAF2A828B2B}.Debug|Any CPU.ActiveCfg = Debug|Any CPU
		{5C6B7012-175C-4066-80C6-2BAF2A828B2B}.Debug|Any CPU.Build.0 = Debug|Any CPU
		{5C6B7012-175C-4066-80C6-2BAF2A828B2B}.Release|Any CPU.ActiveCfg = Release|Any CPU
		{5C6B7012-175C-4066-80C6-2BAF2A828B2B}.Release|Any CPU.Build.0 = Release|Any CPU
		{38447461-78A1-4A1D-A19D-3AAB860E9F8E}.Debug|Any CPU.ActiveCfg = Debug|Any CPU
		{38447461-78A1-4A1D-A19D-3AAB860E9F8E}.Debug|Any CPU.Build.0 = Debug|Any CPU
		{38447461-78A1-4A1D-A19D-3AAB860E9F8E}.Release|Any CPU.ActiveCfg = Release|Any CPU
		{38447461-78A1-4A1D-A19D-3AAB860E9F8E}.Release|Any CPU.Build.0 = Release|Any CPU
		{1BC0DA2D-CBFD-482D-B677-D201862FC571}.Debug|Any CPU.ActiveCfg = Debug|Any CPU
		{1BC0DA2D-CBFD-482D-B677-D201862FC571}.Debug|Any CPU.Build.0 = Debug|Any CPU
		{1BC0DA2D-CBFD-482D-B677-D201862FC571}.Release|Any CPU.ActiveCfg = Release|Any CPU
		{1BC0DA2D-CBFD-482D-B677-D201862FC571}.Release|Any CPU.Build.0 = Release|Any CPU
		{B454F030-0A62-4018-942E-BBDDAFFD1B40}.Debug|Any CPU.ActiveCfg = Debug|Any CPU
		{B454F030-0A62-4018-942E-BBDDAFFD1B40}.Debug|Any CPU.Build.0 = Debug|Any CPU
		{B454F030-0A62-4018-942E-BBDDAFFD1B40}.Release|Any CPU.ActiveCfg = Release|Any CPU
		{B454F030-0A62-4018-942E-BBDDAFFD1B40}.Release|Any CPU.Build.0 = Release|Any CPU
		{726CEAF0-C646-46E6-8150-AED3D64B66FE}.Debug|Any CPU.ActiveCfg = Debug|Any CPU
		{726CEAF0-C646-46E6-8150-AED3D64B66FE}.Debug|Any CPU.Build.0 = Debug|Any CPU
		{726CEAF0-C646-46E6-8150-AED3D64B66FE}.Release|Any CPU.ActiveCfg = Release|Any CPU
		{726CEAF0-C646-46E6-8150-AED3D64B66FE}.Release|Any CPU.Build.0 = Release|Any CPU
		{1E9E102C-4687-4CB6-9633-19DD25AA3585}.Debug|Any CPU.ActiveCfg = Debug|Any CPU
		{1E9E102C-4687-4CB6-9633-19DD25AA3585}.Debug|Any CPU.Build.0 = Debug|Any CPU
		{1E9E102C-4687-4CB6-9633-19DD25AA3585}.Release|Any CPU.ActiveCfg = Release|Any CPU
		{1E9E102C-4687-4CB6-9633-19DD25AA3585}.Release|Any CPU.Build.0 = Release|Any CPU
		{8856C4B9-3A22-40D5-B0D9-ED0102AED181}.Debug|Any CPU.ActiveCfg = Debug|Any CPU
		{8856C4B9-3A22-40D5-B0D9-ED0102AED181}.Debug|Any CPU.Build.0 = Debug|Any CPU
		{8856C4B9-3A22-40D5-B0D9-ED0102AED181}.Release|Any CPU.ActiveCfg = Release|Any CPU
		{8856C4B9-3A22-40D5-B0D9-ED0102AED181}.Release|Any CPU.Build.0 = Release|Any CPU
	EndGlobalSection
	GlobalSection(SolutionProperties) = preSolution
		HideSolutionNode = FALSE
	EndGlobalSection
	GlobalSection(ExtensibilityGlobals) = postSolution
		SolutionGuid = {7AD3FA1A-F481-4CD3-A89C-8B4343B3B306}
	EndGlobalSection
EndGlobal
