
Microsoft Visual Studio Solution File, Format Version 12.00
# Visual Studio Version 16
VisualStudioVersion = 16.0.30104.148
MinimumVisualStudioVersion = 10.0.40219.1
Project("{9A19103F-16F7-4668-BE54-9A1E7A4F7556}") = "DiagonalDifference", "DiagonalDifference\DiagonalDifference.csproj", "{423441EF-06FE-45F0-A2E8-851B9A8549A1}"
EndProject
Project("{FAE04EC0-301F-11D3-BF4B-00C04F79EFBC}") = "SquaresInMatrix", "SquaresInMatrix\SquaresInMatrix.csproj", "{7596D8C0-898B-498E-B015-133B919ACEDB}"
EndProject
Global
	GlobalSection(SolutionConfigurationPlatforms) = preSolution
		Debug|Any CPU = Debug|Any CPU
		Release|Any CPU = Release|Any CPU
	EndGlobalSection
	GlobalSection(ProjectConfigurationPlatforms) = postSolution
		{423441EF-06FE-45F0-A2E8-851B9A8549A1}.Debug|Any CPU.ActiveCfg = Debug|Any CPU
		{423441EF-06FE-45F0-A2E8-851B9A8549A1}.Debug|Any CPU.Build.0 = Debug|Any CPU
		{423441EF-06FE-45F0-A2E8-851B9A8549A1}.Release|Any CPU.ActiveCfg = Release|Any CPU
		{423441EF-06FE-45F0-A2E8-851B9A8549A1}.Release|Any CPU.Build.0 = Release|Any CPU
		{7596D8C0-898B-498E-B015-133B919ACEDB}.Debug|Any CPU.ActiveCfg = Debug|Any CPU
		{7596D8C0-898B-498E-B015-133B919ACEDB}.Debug|Any CPU.Build.0 = Debug|Any CPU
		{7596D8C0-898B-498E-B015-133B919ACEDB}.Release|Any CPU.ActiveCfg = Release|Any CPU
		{7596D8C0-898B-498E-B015-133B919ACEDB}.Release|Any CPU.Build.0 = Release|Any CPU
	EndGlobalSection
	GlobalSection(SolutionProperties) = preSolution
		HideSolutionNode = FALSE
	EndGlobalSection
	GlobalSection(ExtensibilityGlobals) = postSolution
		SolutionGuid = {E898E7BF-FCAE-4B14-90A1-D136526D7FA1}
	EndGlobalSection
EndGlobal
