
Microsoft Visual Studio Solution File, Format Version 12.00
# Visual Studio Version 16
VisualStudioVersion = 16.0.30104.148
MinimumVisualStudioVersion = 10.0.40219.1
Project("{FAE04EC0-301F-11D3-BF4B-00C04F79EFBC}") = "BoxOfT", "BoxOfT\BoxOfT.csproj", "{2B4CC09B-9DEF-490F-A22B-8964D6295BA6}"
EndProject
Project("{FAE04EC0-301F-11D3-BF4B-00C04F79EFBC}") = "GenericArrayCreator", "GenericArrayCreator\GenericArrayCreator.csproj", "{40020C72-6F5B-4829-ACB8-BD1B3128AD4F}"
EndProject
Project("{FAE04EC0-301F-11D3-BF4B-00C04F79EFBC}") = "GenericScale", "GenericScale\GenericScale.csproj", "{12AD4086-4202-4A46-9071-71DC53280C85}"
EndProject
Global
	GlobalSection(SolutionConfigurationPlatforms) = preSolution
		Debug|Any CPU = Debug|Any CPU
		Release|Any CPU = Release|Any CPU
	EndGlobalSection
	GlobalSection(ProjectConfigurationPlatforms) = postSolution
		{2B4CC09B-9DEF-490F-A22B-8964D6295BA6}.Debug|Any CPU.ActiveCfg = Debug|Any CPU
		{2B4CC09B-9DEF-490F-A22B-8964D6295BA6}.Debug|Any CPU.Build.0 = Debug|Any CPU
		{2B4CC09B-9DEF-490F-A22B-8964D6295BA6}.Release|Any CPU.ActiveCfg = Release|Any CPU
		{2B4CC09B-9DEF-490F-A22B-8964D6295BA6}.Release|Any CPU.Build.0 = Release|Any CPU
		{40020C72-6F5B-4829-ACB8-BD1B3128AD4F}.Debug|Any CPU.ActiveCfg = Debug|Any CPU
		{40020C72-6F5B-4829-ACB8-BD1B3128AD4F}.Debug|Any CPU.Build.0 = Debug|Any CPU
		{40020C72-6F5B-4829-ACB8-BD1B3128AD4F}.Release|Any CPU.ActiveCfg = Release|Any CPU
		{40020C72-6F5B-4829-ACB8-BD1B3128AD4F}.Release|Any CPU.Build.0 = Release|Any CPU
		{12AD4086-4202-4A46-9071-71DC53280C85}.Debug|Any CPU.ActiveCfg = Debug|Any CPU
		{12AD4086-4202-4A46-9071-71DC53280C85}.Debug|Any CPU.Build.0 = Debug|Any CPU
		{12AD4086-4202-4A46-9071-71DC53280C85}.Release|Any CPU.ActiveCfg = Release|Any CPU
		{12AD4086-4202-4A46-9071-71DC53280C85}.Release|Any CPU.Build.0 = Release|Any CPU
	EndGlobalSection
	GlobalSection(SolutionProperties) = preSolution
		HideSolutionNode = FALSE
	EndGlobalSection
	GlobalSection(ExtensibilityGlobals) = postSolution
		SolutionGuid = {9049A7AE-03BB-4520-9D80-315F155D0007}
	EndGlobalSection
EndGlobal
