
Microsoft Visual Studio Solution File, Format Version 12.00
# Visual Studio Version 16
VisualStudioVersion = 16.0.30104.148
MinimumVisualStudioVersion = 10.0.40219.1
Project("{9A19103F-16F7-4668-BE54-9A1E7A4F7556}") = "SortEvenNumbers", "SortEvenNumbers\SortEvenNumbers.csproj", "{643F9740-E218-4E2A-9F25-5589F53EC604}"
EndProject
Project("{FAE04EC0-301F-11D3-BF4B-00C04F79EFBC}") = "SumNumbers", "SumNumbers\SumNumbers.csproj", "{5C87B1AB-C090-4AAF-8859-BA6EF207A597}"
EndProject
Project("{FAE04EC0-301F-11D3-BF4B-00C04F79EFBC}") = "CountUppercaseWords", "CountUppercaseWords\CountUppercaseWords.csproj", "{5ACCAD88-BD5E-4EBF-BD7A-DD4CD79BE7DE}"
EndProject
Project("{FAE04EC0-301F-11D3-BF4B-00C04F79EFBC}") = "AddVAT", "AddVAT\AddVAT.csproj", "{178C43E3-79E7-4728-B45C-5AE083052827}"
EndProject
Project("{FAE04EC0-301F-11D3-BF4B-00C04F79EFBC}") = "FilterByAge", "FilterByAge\FilterByAge.csproj", "{EEBFCD92-5889-4585-B8EF-559D44CCB145}"
EndProject
Global
	GlobalSection(SolutionConfigurationPlatforms) = preSolution
		Debug|Any CPU = Debug|Any CPU
		Release|Any CPU = Release|Any CPU
	EndGlobalSection
	GlobalSection(ProjectConfigurationPlatforms) = postSolution
		{643F9740-E218-4E2A-9F25-5589F53EC604}.Debug|Any CPU.ActiveCfg = Debug|Any CPU
		{643F9740-E218-4E2A-9F25-5589F53EC604}.Debug|Any CPU.Build.0 = Debug|Any CPU
		{643F9740-E218-4E2A-9F25-5589F53EC604}.Release|Any CPU.ActiveCfg = Release|Any CPU
		{643F9740-E218-4E2A-9F25-5589F53EC604}.Release|Any CPU.Build.0 = Release|Any CPU
		{5C87B1AB-C090-4AAF-8859-BA6EF207A597}.Debug|Any CPU.ActiveCfg = Debug|Any CPU
		{5C87B1AB-C090-4AAF-8859-BA6EF207A597}.Debug|Any CPU.Build.0 = Debug|Any CPU
		{5C87B1AB-C090-4AAF-8859-BA6EF207A597}.Release|Any CPU.ActiveCfg = Release|Any CPU
		{5C87B1AB-C090-4AAF-8859-BA6EF207A597}.Release|Any CPU.Build.0 = Release|Any CPU
		{5ACCAD88-BD5E-4EBF-BD7A-DD4CD79BE7DE}.Debug|Any CPU.ActiveCfg = Debug|Any CPU
		{5ACCAD88-BD5E-4EBF-BD7A-DD4CD79BE7DE}.Debug|Any CPU.Build.0 = Debug|Any CPU
		{5ACCAD88-BD5E-4EBF-BD7A-DD4CD79BE7DE}.Release|Any CPU.ActiveCfg = Release|Any CPU
		{5ACCAD88-BD5E-4EBF-BD7A-DD4CD79BE7DE}.Release|Any CPU.Build.0 = Release|Any CPU
		{178C43E3-79E7-4728-B45C-5AE083052827}.Debug|Any CPU.ActiveCfg = Debug|Any CPU
		{178C43E3-79E7-4728-B45C-5AE083052827}.Debug|Any CPU.Build.0 = Debug|Any CPU
		{178C43E3-79E7-4728-B45C-5AE083052827}.Release|Any CPU.ActiveCfg = Release|Any CPU
		{178C43E3-79E7-4728-B45C-5AE083052827}.Release|Any CPU.Build.0 = Release|Any CPU
		{EEBFCD92-5889-4585-B8EF-559D44CCB145}.Debug|Any CPU.ActiveCfg = Debug|Any CPU
		{EEBFCD92-5889-4585-B8EF-559D44CCB145}.Debug|Any CPU.Build.0 = Debug|Any CPU
		{EEBFCD92-5889-4585-B8EF-559D44CCB145}.Release|Any CPU.ActiveCfg = Release|Any CPU
		{EEBFCD92-5889-4585-B8EF-559D44CCB145}.Release|Any CPU.Build.0 = Release|Any CPU
	EndGlobalSection
	GlobalSection(SolutionProperties) = preSolution
		HideSolutionNode = FALSE
	EndGlobalSection
	GlobalSection(ExtensibilityGlobals) = postSolution
		SolutionGuid = {6C5C99C2-B8C6-4BD4-BC32-37B4A665637E}
	EndGlobalSection
EndGlobal
