
Microsoft Visual Studio Solution File, Format Version 12.00
# Visual Studio Version 16
VisualStudioVersion = 16.0.30104.148
MinimumVisualStudioVersion = 10.0.40219.1
Project("{9A19103F-16F7-4668-BE54-9A1E7A4F7556}") = "EvenLines", "EvenLines\EvenLines.csproj", "{8C295C56-8BF3-4290-93DC-3D9026FBD21D}"
EndProject
Project("{9A19103F-16F7-4668-BE54-9A1E7A4F7556}") = "LineNumbers", "LineNumbers\LineNumbers.csproj", "{C741B823-84FD-431F-AF0B-CE1D7CBCFF24}"
EndProject
Project("{FAE04EC0-301F-11D3-BF4B-00C04F79EFBC}") = "WordCount", "WordCount\WordCount.csproj", "{508A3A66-1BA4-4093-9317-29F0242F6338}"
EndProject
Project("{FAE04EC0-301F-11D3-BF4B-00C04F79EFBC}") = "CopyBinaryFile", "CopyBinaryFile\CopyBinaryFile.csproj", "{86E8CE97-60CB-49B5-BDFD-1DA680B9AB61}"
EndProject
Global
	GlobalSection(SolutionConfigurationPlatforms) = preSolution
		Debug|Any CPU = Debug|Any CPU
		Release|Any CPU = Release|Any CPU
	EndGlobalSection
	GlobalSection(ProjectConfigurationPlatforms) = postSolution
		{8C295C56-8BF3-4290-93DC-3D9026FBD21D}.Debug|Any CPU.ActiveCfg = Debug|Any CPU
		{8C295C56-8BF3-4290-93DC-3D9026FBD21D}.Debug|Any CPU.Build.0 = Debug|Any CPU
		{8C295C56-8BF3-4290-93DC-3D9026FBD21D}.Release|Any CPU.ActiveCfg = Release|Any CPU
		{8C295C56-8BF3-4290-93DC-3D9026FBD21D}.Release|Any CPU.Build.0 = Release|Any CPU
		{C741B823-84FD-431F-AF0B-CE1D7CBCFF24}.Debug|Any CPU.ActiveCfg = Debug|Any CPU
		{C741B823-84FD-431F-AF0B-CE1D7CBCFF24}.Debug|Any CPU.Build.0 = Debug|Any CPU
		{C741B823-84FD-431F-AF0B-CE1D7CBCFF24}.Release|Any CPU.ActiveCfg = Release|Any CPU
		{C741B823-84FD-431F-AF0B-CE1D7CBCFF24}.Release|Any CPU.Build.0 = Release|Any CPU
		{508A3A66-1BA4-4093-9317-29F0242F6338}.Debug|Any CPU.ActiveCfg = Debug|Any CPU
		{508A3A66-1BA4-4093-9317-29F0242F6338}.Debug|Any CPU.Build.0 = Debug|Any CPU
		{508A3A66-1BA4-4093-9317-29F0242F6338}.Release|Any CPU.ActiveCfg = Release|Any CPU
		{508A3A66-1BA4-4093-9317-29F0242F6338}.Release|Any CPU.Build.0 = Release|Any CPU
		{86E8CE97-60CB-49B5-BDFD-1DA680B9AB61}.Debug|Any CPU.ActiveCfg = Debug|Any CPU
		{86E8CE97-60CB-49B5-BDFD-1DA680B9AB61}.Debug|Any CPU.Build.0 = Debug|Any CPU
		{86E8CE97-60CB-49B5-BDFD-1DA680B9AB61}.Release|Any CPU.ActiveCfg = Release|Any CPU
		{86E8CE97-60CB-49B5-BDFD-1DA680B9AB61}.Release|Any CPU.Build.0 = Release|Any CPU
	EndGlobalSection
	GlobalSection(SolutionProperties) = preSolution
		HideSolutionNode = FALSE
	EndGlobalSection
	GlobalSection(ExtensibilityGlobals) = postSolution
		SolutionGuid = {C61AE3BF-554C-4DF8-9226-30537829BDB5}
	EndGlobalSection
EndGlobal
