
Microsoft Visual Studio Solution File, Format Version 12.00
# Visual Studio Version 16
VisualStudioVersion = 16.0.30128.74
MinimumVisualStudioVersion = 10.0.40219.1
Project("{9A19103F-16F7-4668-BE54-9A1E7A4F7556}") = "CatapultAttack", "CatapultAttack\CatapultAttack.csproj", "{5F3216E8-3F3C-4EB0-957E-26FCD2D6D6BD}"
EndProject
Project("{9A19103F-16F7-4668-BE54-9A1E7A4F7556}") = "ThroneConquering", "ThroneConquering\ThroneConquering.csproj", "{E2EEF69A-B3FF-4D5E-9852-EF1495545102}"
EndProject
Project("{9A19103F-16F7-4668-BE54-9A1E7A4F7556}") = "CoordinatesFinder", "CoordinatesFinder\CoordinatesFinder.csproj", "{9900B5BC-EF6A-45F7-8FD3-82CBB63E0EAC}"
EndProject
Project("{FAE04EC0-301F-11D3-BF4B-00C04F79EFBC}") = "TravelMap", "TravelMap\TravelMap.csproj", "{6D675CAA-57B1-4A11-AB35-B0BE19BFDF5E}"
EndProject
Global
	GlobalSection(SolutionConfigurationPlatforms) = preSolution
		Debug|Any CPU = Debug|Any CPU
		Release|Any CPU = Release|Any CPU
	EndGlobalSection
	GlobalSection(ProjectConfigurationPlatforms) = postSolution
		{5F3216E8-3F3C-4EB0-957E-26FCD2D6D6BD}.Debug|Any CPU.ActiveCfg = Debug|Any CPU
		{5F3216E8-3F3C-4EB0-957E-26FCD2D6D6BD}.Debug|Any CPU.Build.0 = Debug|Any CPU
		{5F3216E8-3F3C-4EB0-957E-26FCD2D6D6BD}.Release|Any CPU.ActiveCfg = Release|Any CPU
		{5F3216E8-3F3C-4EB0-957E-26FCD2D6D6BD}.Release|Any CPU.Build.0 = Release|Any CPU
		{E2EEF69A-B3FF-4D5E-9852-EF1495545102}.Debug|Any CPU.ActiveCfg = Debug|Any CPU
		{E2EEF69A-B3FF-4D5E-9852-EF1495545102}.Debug|Any CPU.Build.0 = Debug|Any CPU
		{E2EEF69A-B3FF-4D5E-9852-EF1495545102}.Release|Any CPU.ActiveCfg = Release|Any CPU
		{E2EEF69A-B3FF-4D5E-9852-EF1495545102}.Release|Any CPU.Build.0 = Release|Any CPU
		{9900B5BC-EF6A-45F7-8FD3-82CBB63E0EAC}.Debug|Any CPU.ActiveCfg = Debug|Any CPU
		{9900B5BC-EF6A-45F7-8FD3-82CBB63E0EAC}.Debug|Any CPU.Build.0 = Debug|Any CPU
		{9900B5BC-EF6A-45F7-8FD3-82CBB63E0EAC}.Release|Any CPU.ActiveCfg = Release|Any CPU
		{9900B5BC-EF6A-45F7-8FD3-82CBB63E0EAC}.Release|Any CPU.Build.0 = Release|Any CPU
		{6D675CAA-57B1-4A11-AB35-B0BE19BFDF5E}.Debug|Any CPU.ActiveCfg = Debug|Any CPU
		{6D675CAA-57B1-4A11-AB35-B0BE19BFDF5E}.Debug|Any CPU.Build.0 = Debug|Any CPU
		{6D675CAA-57B1-4A11-AB35-B0BE19BFDF5E}.Release|Any CPU.ActiveCfg = Release|Any CPU
		{6D675CAA-57B1-4A11-AB35-B0BE19BFDF5E}.Release|Any CPU.Build.0 = Release|Any CPU
	EndGlobalSection
	GlobalSection(SolutionProperties) = preSolution
		HideSolutionNode = FALSE
	EndGlobalSection
	GlobalSection(ExtensibilityGlobals) = postSolution
		SolutionGuid = {52B70CB4-F370-4115-B4FC-7999F9D63319}
	EndGlobalSection
EndGlobal
