
Microsoft Visual Studio Solution File, Format Version 12.00
# Visual Studio Version 16
VisualStudioVersion = 16.0.30128.74
MinimumVisualStudioVersion = 10.0.40219.1
Project("{FAE04EC0-301F-11D3-BF4B-00C04F79EFBC}") = "SantasPresentFactory", "SantasPresentFactory\SantasPresentFactory.csproj", "{67CF0007-4743-47C0-AEF2-FDA87A9BE977}"
EndProject
Project("{9A19103F-16F7-4668-BE54-9A1E7A4F7556}") = "Christmas", "Christmas\Christmas.csproj", "{67B62484-E1C7-4D44-B62E-CB8EBE9421FD}"
EndProject
Project("{FAE04EC0-301F-11D3-BF4B-00C04F79EFBC}") = "PresentDelivery", "PresentDelivery\PresentDelivery.csproj", "{924D1E1C-618E-424E-95CB-3C2343284E9D}"
EndProject
Global
	GlobalSection(SolutionConfigurationPlatforms) = preSolution
		Debug|Any CPU = Debug|Any CPU
		Release|Any CPU = Release|Any CPU
	EndGlobalSection
	GlobalSection(ProjectConfigurationPlatforms) = postSolution
		{67CF0007-4743-47C0-AEF2-FDA87A9BE977}.Debug|Any CPU.ActiveCfg = Debug|Any CPU
		{67CF0007-4743-47C0-AEF2-FDA87A9BE977}.Debug|Any CPU.Build.0 = Debug|Any CPU
		{67CF0007-4743-47C0-AEF2-FDA87A9BE977}.Release|Any CPU.ActiveCfg = Release|Any CPU
		{67CF0007-4743-47C0-AEF2-FDA87A9BE977}.Release|Any CPU.Build.0 = Release|Any CPU
		{67B62484-E1C7-4D44-B62E-CB8EBE9421FD}.Debug|Any CPU.ActiveCfg = Debug|Any CPU
		{67B62484-E1C7-4D44-B62E-CB8EBE9421FD}.Debug|Any CPU.Build.0 = Debug|Any CPU
		{67B62484-E1C7-4D44-B62E-CB8EBE9421FD}.Release|Any CPU.ActiveCfg = Release|Any CPU
		{67B62484-E1C7-4D44-B62E-CB8EBE9421FD}.Release|Any CPU.Build.0 = Release|Any CPU
		{924D1E1C-618E-424E-95CB-3C2343284E9D}.Debug|Any CPU.ActiveCfg = Debug|Any CPU
		{924D1E1C-618E-424E-95CB-3C2343284E9D}.Debug|Any CPU.Build.0 = Debug|Any CPU
		{924D1E1C-618E-424E-95CB-3C2343284E9D}.Release|Any CPU.ActiveCfg = Release|Any CPU
		{924D1E1C-618E-424E-95CB-3C2343284E9D}.Release|Any CPU.Build.0 = Release|Any CPU
	EndGlobalSection
	GlobalSection(SolutionProperties) = preSolution
		HideSolutionNode = FALSE
	EndGlobalSection
	GlobalSection(ExtensibilityGlobals) = postSolution
		SolutionGuid = {7D1B5E90-A9DC-425E-8BB1-2933EB6AC6B7}
	EndGlobalSection
EndGlobal
