
Microsoft Visual Studio Solution File, Format Version 12.00
# Visual Studio Version 16
VisualStudioVersion = 16.0.30128.74
MinimumVisualStudioVersion = 10.0.40219.1
Project("{9A19103F-16F7-4668-BE54-9A1E7A4F7556}") = "RecursiveArraySum", "RecursiveArraySum\RecursiveArraySum.csproj", "{E0473999-65A0-45DA-B447-B1858728FA39}"
EndProject
Project("{FAE04EC0-301F-11D3-BF4B-00C04F79EFBC}") = "RecursiveFactorial", "RecursiveFactorial\RecursiveFactorial.csproj", "{6535033A-CD23-4071-AB59-7ECF62DE076A}"
EndProject
Project("{FAE04EC0-301F-11D3-BF4B-00C04F79EFBC}") = "SumOfCoins", "SumOfCoinsSkeleton\SumOfCoins.csproj", "{FD8A6254-4CA0-4516-A475-9E1C219ED3DA}"
EndProject
Project("{FAE04EC0-301F-11D3-BF4B-00C04F79EFBC}") = "SetCover", "SetCoverSkeleton\SetCover.csproj", "{909541FC-F819-4F7F-9D70-2CB2B3D4604A}"
EndProject
Global
	GlobalSection(SolutionConfigurationPlatforms) = preSolution
		Debug|Any CPU = Debug|Any CPU
		Release|Any CPU = Release|Any CPU
	EndGlobalSection
	GlobalSection(ProjectConfigurationPlatforms) = postSolution
		{E0473999-65A0-45DA-B447-B1858728FA39}.Debug|Any CPU.ActiveCfg = Debug|Any CPU
		{E0473999-65A0-45DA-B447-B1858728FA39}.Debug|Any CPU.Build.0 = Debug|Any CPU
		{E0473999-65A0-45DA-B447-B1858728FA39}.Release|Any CPU.ActiveCfg = Release|Any CPU
		{E0473999-65A0-45DA-B447-B1858728FA39}.Release|Any CPU.Build.0 = Release|Any CPU
		{6535033A-CD23-4071-AB59-7ECF62DE076A}.Debug|Any CPU.ActiveCfg = Debug|Any CPU
		{6535033A-CD23-4071-AB59-7ECF62DE076A}.Debug|Any CPU.Build.0 = Debug|Any CPU
		{6535033A-CD23-4071-AB59-7ECF62DE076A}.Release|Any CPU.ActiveCfg = Release|Any CPU
		{6535033A-CD23-4071-AB59-7ECF62DE076A}.Release|Any CPU.Build.0 = Release|Any CPU
		{FD8A6254-4CA0-4516-A475-9E1C219ED3DA}.Debug|Any CPU.ActiveCfg = Debug|Any CPU
		{FD8A6254-4CA0-4516-A475-9E1C219ED3DA}.Debug|Any CPU.Build.0 = Debug|Any CPU
		{FD8A6254-4CA0-4516-A475-9E1C219ED3DA}.Release|Any CPU.ActiveCfg = Release|Any CPU
		{FD8A6254-4CA0-4516-A475-9E1C219ED3DA}.Release|Any CPU.Build.0 = Release|Any CPU
		{909541FC-F819-4F7F-9D70-2CB2B3D4604A}.Debug|Any CPU.ActiveCfg = Debug|Any CPU
		{909541FC-F819-4F7F-9D70-2CB2B3D4604A}.Debug|Any CPU.Build.0 = Debug|Any CPU
		{909541FC-F819-4F7F-9D70-2CB2B3D4604A}.Release|Any CPU.ActiveCfg = Release|Any CPU
		{909541FC-F819-4F7F-9D70-2CB2B3D4604A}.Release|Any CPU.Build.0 = Release|Any CPU
	EndGlobalSection
	GlobalSection(SolutionProperties) = preSolution
		HideSolutionNode = FALSE
	EndGlobalSection
	GlobalSection(ExtensibilityGlobals) = postSolution
		SolutionGuid = {F70EEC9B-DCC4-4658-BBCB-74CB1ADDB216}
	EndGlobalSection
EndGlobal
